
Microsoft Visual Studio Solution File, Format Version 12.00
# Visual Studio Version 16
VisualStudioVersion = 16.0.29020.237
MinimumVisualStudioVersion = 10.0.40219.1
Project("{FAE04EC0-301F-11D3-BF4B-00C04F79EFBC}") = "Calculator", "Calculator\Calculator.csproj", "{860E3125-CDF9-44C9-B39F-E5F75DFDC911}"
EndProject
Global
	GlobalSection(SolutionConfigurationPlatforms) = preSolution
		Debug|Any CPU = Debug|Any CPU
		Release|Any CPU = Release|Any CPU
	EndGlobalSection
	GlobalSection(ProjectConfigurationPlatforms) = postSolution
		{860E3125-CDF9-44C9-B39F-E5F75DFDC911}.Debug|Any CPU.ActiveCfg = Debug|Any CPU
		{860E3125-CDF9-44C9-B39F-E5F75DFDC911}.Debug|Any CPU.Build.0 = Debug|Any CPU
		{860E3125-CDF9-44C9-B39F-E5F75DFDC911}.Release|Any CPU.ActiveCfg = Release|Any CPU
		{860E3125-CDF9-44C9-B39F-E5F75DFDC911}.Release|Any CPU.Build.0 = Release|Any CPU
	EndGlobalSection
	GlobalSection(SolutionProperties) = preSolution
		HideSolutionNode = FALSE
	EndGlobalSection
	GlobalSection(ExtensibilityGlobals) = postSolution
		SolutionGuid = {F1B191EC-1F98-4B0A-BE30-2D34015FF19F}
	EndGlobalSection
EndGlobal
